
Microsoft Visual Studio Solution File, Format Version 12.00
# Visual Studio 15
VisualStudioVersion = 15.0.28010.2026
MinimumVisualStudioVersion = 10.0.40219.1
Project("{2150E333-8FDC-42A3-9474-1A3956D46DE8}") = "ArduinoMotorTests", "ArduinoMotorTests", "{A2BE9EBA-CFD4-4A4B-BA4A-228B206EB254}"
	ProjectSection(SolutionItems) = preProject
		ArdunioRobotCMotorTest.c = ArdunioRobotCMotorTest.c
		Move Motors - Dual PWM2.c = Move Motors - Dual PWM2.c
	EndProjectSection
EndProject
Global
	GlobalSection(SolutionProperties) = preSolution
		HideSolutionNode = FALSE
	EndGlobalSection
	GlobalSection(ExtensibilityGlobals) = postSolution
		SolutionGuid = {2DB3845F-FC85-4209-9F95-0392FE992C40}
	EndGlobalSection
EndGlobal
